Microsoft Visual Studio Solution File, Format Version 12.00
# Visual Studio Version 17
VisualStudioVersion = 17.9.34417.21
MinimumVisualStudioVersion = 10.0.40219.1
Project("{2150E333-8FDC-42A3-9474-1A3956D46DE8}") = "Solution Items", "Solution Items", "{E2DA20AA-28D1-455C-BF50-C49A8F831633}"
	ProjectSection(SolutionItems) = preProject
		.editorconfig = .editorconfig
		.gitignore = .gitignore
		backend\Directory.Build.props = backend\Directory.Build.props
		backend\Directory.Packages.props = backend\Directory.Packages.props
		backend\global.json = backend\global.json
		README.md = README.md
	EndProjectSection
EndProject
Project("{9A19103F-16F7-4668-BE54-9A1E7A4F7556}") = "Backend.Application", "backend\src\Application\Backend.Application.csproj", "{B0B3ACCA-7469-4A5E-BD1E-EFEB01B498D2}"
EndProject
Project("{9A19103F-16F7-4668-BE54-9A1E7A4F7556}") = "Backend.Domain", "backend\src\Domain\Backend.Domain.csproj", "{4B48B924-FF79-4370-B05F-7F4DE0549D3E}"
EndProject
Project("{9A19103F-16F7-4668-BE54-9A1E7A4F7556}") = "Backend.Infrastructure", "backend\src\Infrastructure\Backend.Infrastructure.csproj", "{81644800-FEE0-4582-BF7D-68B11C3591D1}"
EndProject
Project("{9A19103F-16F7-4668-BE54-9A1E7A4F7556}") = "Backend.Web", "backend\src\Web\Backend.Web.csproj", "{47995884-BC03-4B01-A4A2-93639A6B86C0}"
EndProject
Project("{9A19103F-16F7-4668-BE54-9A1E7A4F7556}") = "LocalEnvironment.ServiceDefaults", "local\ServiceDefaults\LocalEnvironment.ServiceDefaults.csproj", "{E896C151-DA73-46D4-A6CF-7965DA2E43D6}"
EndProject
Project("{9A19103F-16F7-4668-BE54-9A1E7A4F7556}") = "LocalEnvironment.AppHost", "local\AppHost\LocalEnvironment.AppHost.csproj", "{0AB35A92-DD05-46C3-ABC4-9AB97EDD08D6}"
EndProject
Project("{9A19103F-16F7-4668-BE54-9A1E7A4F7556}") = "Backend.Application.FunctionalTests", "backend\tests\Application.FunctionalTests\Backend.Application.FunctionalTests.csproj", "{B7B4C571-1FC3-4BA2-A32F-208D161DBC33}"
EndProject
Project("{9A19103F-16F7-4668-BE54-9A1E7A4F7556}") = "Backend.Application.UnitTests", "backend\tests\Application.UnitTests\Backend.Application.UnitTests.csproj", "{07C28F19-D978-44F0-B37B-AC0F30CD81E5}"
EndProject
Project("{9A19103F-16F7-4668-BE54-9A1E7A4F7556}") = "Backend.Domain.UnitTests", "backend\tests\Domain.UnitTests\Backend.Domain.UnitTests.csproj", "{0FA84859-24F0-4246-91B0-619EA245947B}"
EndProject
Project("{9A19103F-16F7-4668-BE54-9A1E7A4F7556}") = "Backend.Infrastructure.IntegrationTests", "backend\tests\Infrastructure.IntegrationTests\Backend.Infrastructure.IntegrationTests.csproj", "{E5E47091-E81D-4943-9192-CB7FFB8D50FD}"
EndProject
Global
	GlobalSection(SolutionConfigurationPlatforms) = preSolution
		Debug|Any CPU = Debug|Any CPU
		Release|Any CPU = Release|Any CPU
	EndGlobalSection
	GlobalSection(ProjectConfigurationPlatforms) = postSolution
		{B0B3ACCA-7469-4A5E-BD1E-EFEB01B498D2}.Debug|Any CPU.ActiveCfg = Debug|Any CPU
		{B0B3ACCA-7469-4A5E-BD1E-EFEB01B498D2}.Debug|Any CPU.Build.0 = Debug|Any CPU
		{B0B3ACCA-7469-4A5E-BD1E-EFEB01B498D2}.Release|Any CPU.ActiveCfg = Release|Any CPU
		{B0B3ACCA-7469-4A5E-BD1E-EFEB01B498D2}.Release|Any CPU.Build.0 = Release|Any CPU
		{4B48B924-FF79-4370-B05F-7F4DE0549D3E}.Debug|Any CPU.ActiveCfg = Debug|Any CPU
		{4B48B924-FF79-4370-B05F-7F4DE0549D3E}.Debug|Any CPU.Build.0 = Debug|Any CPU
		{4B48B924-FF79-4370-B05F-7F4DE0549D3E}.Release|Any CPU.ActiveCfg = Release|Any CPU
		{4B48B924-FF79-4370-B05F-7F4DE0549D3E}.Release|Any CPU.Build.0 = Release|Any CPU
		{81644800-FEE0-4582-BF7D-68B11C3591D1}.Debug|Any CPU.ActiveCfg = Debug|Any CPU
		{81644800-FEE0-4582-BF7D-68B11C3591D1}.Debug|Any CPU.Build.0 = Debug|Any CPU
		{81644800-FEE0-4582-BF7D-68B11C3591D1}.Release|Any CPU.ActiveCfg = Release|Any CPU
		{81644800-FEE0-4582-BF7D-68B11C3591D1}.Release|Any CPU.Build.0 = Release|Any CPU
		{47995884-BC03-4B01-A4A2-93639A6B86C0}.Debug|Any CPU.ActiveCfg = Debug|Any CPU
		{47995884-BC03-4B01-A4A2-93639A6B86C0}.Debug|Any CPU.Build.0 = Debug|Any CPU
		{47995884-BC03-4B01-A4A2-93639A6B86C0}.Release|Any CPU.ActiveCfg = Release|Any CPU
		{47995884-BC03-4B01-A4A2-93639A6B86C0}.Release|Any CPU.Build.0 = Release|Any CPU
		{E896C151-DA73-46D4-A6CF-7965DA2E43D6}.Debug|Any CPU.ActiveCfg = Debug|Any CPU
		{E896C151-DA73-46D4-A6CF-7965DA2E43D6}.Debug|Any CPU.Build.0 = Debug|Any CPU
		{E896C151-DA73-46D4-A6CF-7965DA2E43D6}.Release|Any CPU.ActiveCfg = Release|Any CPU
		{E896C151-DA73-46D4-A6CF-7965DA2E43D6}.Release|Any CPU.Build.0 = Release|Any CPU
		{0AB35A92-DD05-46C3-ABC4-9AB97EDD08D6}.Debug|Any CPU.ActiveCfg = Debug|Any CPU
		{0AB35A92-DD05-46C3-ABC4-9AB97EDD08D6}.Debug|Any CPU.Build.0 = Debug|Any CPU
		{0AB35A92-DD05-46C3-ABC4-9AB97EDD08D6}.Release|Any CPU.ActiveCfg = Release|Any CPU
		{0AB35A92-DD05-46C3-ABC4-9AB97EDD08D6}.Release|Any CPU.Build.0 = Release|Any CPU
		{B7B4C571-1FC3-4BA2-A32F-208D161DBC33}.Debug|Any CPU.ActiveCfg = Debug|Any CPU
		{B7B4C571-1FC3-4BA2-A32F-208D161DBC33}.Debug|Any CPU.Build.0 = Debug|Any CPU
		{B7B4C571-1FC3-4BA2-A32F-208D161DBC33}.Release|Any CPU.ActiveCfg = Release|Any CPU
		{B7B4C571-1FC3-4BA2-A32F-208D161DBC33}.Release|Any CPU.Build.0 = Release|Any CPU
		{07C28F19-D978-44F0-B37B-AC0F30CD81E5}.Debug|Any CPU.ActiveCfg = Debug|Any CPU
		{07C28F19-D978-44F0-B37B-AC0F30CD81E5}.Debug|Any CPU.Build.0 = Debug|Any CPU
		{07C28F19-D978-44F0-B37B-AC0F30CD81E5}.Release|Any CPU.ActiveCfg = Release|Any CPU
		{07C28F19-D978-44F0-B37B-AC0F30CD81E5}.Release|Any CPU.Build.0 = Release|Any CPU
		{0FA84859-24F0-4246-91B0-619EA245947B}.Debug|Any CPU.ActiveCfg = Debug|Any CPU
		{0FA84859-24F0-4246-91B0-619EA245947B}.Debug|Any CPU.Build.0 = Debug|Any CPU
		{0FA84859-24F0-4246-91B0-619EA245947B}.Release|Any CPU.ActiveCfg = Release|Any CPU
		{0FA84859-24F0-4246-91B0-619EA245947B}.Release|Any CPU.Build.0 = Release|Any CPU
		{E5E47091-E81D-4943-9192-CB7FFB8D50FD}.Debug|Any CPU.ActiveCfg = Debug|Any CPU
		{E5E47091-E81D-4943-9192-CB7FFB8D50FD}.Debug|Any CPU.Build.0 = Debug|Any CPU
		{E5E47091-E81D-4943-9192-CB7FFB8D50FD}.Release|Any CPU.ActiveCfg = Release|Any CPU
		{E5E47091-E81D-4943-9192-CB7FFB8D50FD}.Release|Any CPU.Build.0 = Release|Any CPU
	EndGlobalSection
	GlobalSection(SolutionProperties) = preSolution
		HideSolutionNode = FALSE
	EndGlobalSection
	GlobalSection(ExtensibilityGlobals) = postSolution
		SolutionGuid = {9A7AC130-33BE-4B5B-99AF-D4A049A38C88}
	EndGlobalSection
EndGlobal
